
Microsoft Visual Studio Solution File, Format Version 12.00
# Visual Studio Version 17
VisualStudioVersion = 17.11.35303.130
MinimumVisualStudioVersion = 10.0.40219.1
Project("{FAE04EC0-301F-11D3-BF4B-00C04F79EFBC}") = "Buses", "Buses\Buses.csproj", "{05922B23-1FB7-4491-98CB-1E986BCDACFF}"
EndProject
Project("{FAE04EC0-301F-11D3-BF4B-00C04F79EFBC}") = "Buses.Data", "Buses.Data\Buses.Data.csproj", "{DFFCBFA0-8FF4-4E8E-B0C4-8EC72B065C6B}"
EndProject
Project("{FAE04EC0-301F-11D3-BF4B-00C04F79EFBC}") = "Buses.Models", "Buses.Models\Buses.Models.csproj", "{44E2268E-03A1-44B4-A87F-CB39FD8CE42B}"
EndProject
Project("{FAE04EC0-301F-11D3-BF4B-00C04F79EFBC}") = "Buses.Utilities", "Buses.Utilities\Buses.Utilities.csproj", "{11246B76-F8C3-4479-97DF-FB7CCCD0E48B}"
EndProject
Global
	GlobalSection(SolutionConfigurationPlatforms) = preSolution
		Debug|Any CPU = Debug|Any CPU
		Release|Any CPU = Release|Any CPU
	EndGlobalSection
	GlobalSection(ProjectConfigurationPlatforms) = postSolution
		{05922B23-1FB7-4491-98CB-1E986BCDACFF}.Debug|Any CPU.ActiveCfg = Debug|Any CPU
		{05922B23-1FB7-4491-98CB-1E986BCDACFF}.Debug|Any CPU.Build.0 = Debug|Any CPU
		{05922B23-1FB7-4491-98CB-1E986BCDACFF}.Release|Any CPU.ActiveCfg = Release|Any CPU
		{05922B23-1FB7-4491-98CB-1E986BCDACFF}.Release|Any CPU.Build.0 = Release|Any CPU
		{DFFCBFA0-8FF4-4E8E-B0C4-8EC72B065C6B}.Debug|Any CPU.ActiveCfg = Debug|Any CPU
		{DFFCBFA0-8FF4-4E8E-B0C4-8EC72B065C6B}.Debug|Any CPU.Build.0 = Debug|Any CPU
		{DFFCBFA0-8FF4-4E8E-B0C4-8EC72B065C6B}.Release|Any CPU.ActiveCfg = Release|Any CPU
		{DFFCBFA0-8FF4-4E8E-B0C4-8EC72B065C6B}.Release|Any CPU.Build.0 = Release|Any CPU
		{44E2268E-03A1-44B4-A87F-CB39FD8CE42B}.Debug|Any CPU.ActiveCfg = Debug|Any CPU
		{44E2268E-03A1-44B4-A87F-CB39FD8CE42B}.Debug|Any CPU.Build.0 = Debug|Any CPU
		{44E2268E-03A1-44B4-A87F-CB39FD8CE42B}.Release|Any CPU.ActiveCfg = Release|Any CPU
		{44E2268E-03A1-44B4-A87F-CB39FD8CE42B}.Release|Any CPU.Build.0 = Release|Any CPU
		{11246B76-F8C3-4479-97DF-FB7CCCD0E48B}.Debug|Any CPU.ActiveCfg = Debug|Any CPU
		{11246B76-F8C3-4479-97DF-FB7CCCD0E48B}.Debug|Any CPU.Build.0 = Debug|Any CPU
		{11246B76-F8C3-4479-97DF-FB7CCCD0E48B}.Release|Any CPU.ActiveCfg = Release|Any CPU
		{11246B76-F8C3-4479-97DF-FB7CCCD0E48B}.Release|Any CPU.Build.0 = Release|Any CPU
	EndGlobalSection
	GlobalSection(SolutionProperties) = preSolution
		HideSolutionNode = FALSE
	EndGlobalSection
	GlobalSection(ExtensibilityGlobals) = postSolution
		SolutionGuid = {B8F420D1-7216-474C-80B4-F057969F5309}
	EndGlobalSection
EndGlobal
